
Microsoft Visual Studio Solution File, Format Version 12.00
# Visual Studio Version 17
VisualStudioVersion = 17.6.33829.357
MinimumVisualStudioVersion = 10.0.40219.1
Project("{FAE04EC0-301F-11D3-BF4B-00C04F79EFBC}") = "visual", "visual\visual.csproj", "{A2FAC76D-5D3D-4308-9EA1-642F46C926A6}"
EndProject
Global
	GlobalSection(SolutionConfigurationPlatforms) = preSolution
		Debug|Any CPU = Debug|Any CPU
		Release|Any CPU = Release|Any CPU
	EndGlobalSection
	GlobalSection(ProjectConfigurationPlatforms) = postSolution
		{A2FAC76D-5D3D-4308-9EA1-642F46C926A6}.Debug|Any CPU.ActiveCfg = Debug|Any CPU
		{A2FAC76D-5D3D-4308-9EA1-642F46C926A6}.Debug|Any CPU.Build.0 = Debug|Any CPU
		{A2FAC76D-5D3D-4308-9EA1-642F46C926A6}.Release|Any CPU.ActiveCfg = Release|Any CPU
		{A2FAC76D-5D3D-4308-9EA1-642F46C926A6}.Release|Any CPU.Build.0 = Release|Any CPU
	EndGlobalSection
	GlobalSection(SolutionProperties) = preSolution
		HideSolutionNode = FALSE
	EndGlobalSection
	GlobalSection(ExtensibilityGlobals) = postSolution
		SolutionGuid = {A6E5DC09-A4F1-4046-B30F-54D27B95A760}
	EndGlobalSection
EndGlobal
